// !$*UTF8*$!
{
	archiveVersion = 1;
	classes = {
	};
	objectVersion = 50;
	objects = {

/* Begin PBXBuildFile section */
		18F6ED8F229B6B3400D8B5EA /* AppDelegate.swift in Sources */ = {isa = PBXBuildFile; fileRef = 18F6ED8E229B6B3400D8B5EA /* AppDelegate.swift */; };
		18F6ED94229B6B3400D8B5EA /* Main.storyboard in Resources */ = {isa = PBXBuildFile; fileRef = 18F6ED92229B6B3400D8B5EA /* Main.storyboard */; };
		18F6ED97229B6B3400D8B5EA /* toDoList.xcdatamodeld in Sources */ = {isa = PBXBuildFile; fileRef = 18F6ED95229B6B3400D8B5EA /* toDoList.xcdatamodeld */; };
		18F6ED99229B6B3500D8B5EA /* Assets.xcassets in Resources */ = {isa = PBXBuildFile; fileRef = 18F6ED98229B6B3500D8B5EA /* Assets.xcassets */; };
		18F6ED9C229B6B3500D8B5EA /* LaunchScreen.storyboard in Resources */ = {isa = PBXBuildFile; fileRef = 18F6ED9A229B6B3500D8B5EA /* LaunchScreen.storyboard */; };
		18F6EDA6229B7AC600D8B5EA /* ToDoTableViewController.swift in Sources */ = {isa = PBXBuildFile; fileRef = 18F6EDA5229B7AC600D8B5EA /* ToDoTableViewController.swift */; };
		18F6EDA8229B7C9500D8B5EA /* ToDo.swift in Sources */ = {isa = PBXBuildFile; fileRef = 18F6EDA7229B7C9500D8B5EA /* ToDo.swift */; };
		18F6EDAE229B96C900D8B5EA /* AddToDoViewController.swift in Sources */ = {isa = PBXBuildFile; fileRef = 18F6EDAD229B96C900D8B5EA /* AddToDoViewController.swift */; };
		18F6EDB0229B9BB400D8B5EA /* CompleteToDoViewController.swift in Sources */ = {isa = PBXBuildFile; fileRef = 18F6EDAF229B9BB400D8B5EA /* CompleteToDoViewController.swift */; };
/* End PBXBuildFile section */

/* Begin PBXFileReference section */
		18F6ED8B229B6B3400D8B5EA /* toDoList.app */ = {isa = PBXFileReference; explicitFileType = wrapper.application; includeInIndex = 0; path = toDoList.app; sourceTree = BUILT_PRODUCTS_DIR; };
		18F6ED8E229B6B3400D8B5EA /* AppDelegate.swift */ = {isa = PBXFileReference; lastKnownFileType = sourcecode.swift; path = AppDelegate.swift; sourceTree = "<group>"; };
		18F6ED93229B6B3400D8B5EA /* Base */ = {isa = PBXFileReference; lastKnownFileType = file.storyboard; name = Base; path = Base.lproj/Main.storyboard; sourceTree = "<group>"; };
		18F6ED96229B6B3400D8B5EA /* toDoList.xcdatamodel */ = {isa = PBXFileReference; lastKnownFileType = wrapper.xcdatamodel; path = toDoList.xcdatamodel; sourceTree = "<group>"; };
		18F6ED98229B6B3500D8B5EA /* Assets.xcassets */ = {isa = PBXFileReference; lastKnownFileType = folder.assetcatalog; path = Assets.xcassets; sourceTree = "<group>"; };
		18F6ED9B229B6B3500D8B5EA /* Base */ = {isa = PBXFileReference; lastKnownFileType = file.storyboard; name = Base; path = Base.lproj/LaunchScreen.storyboard; sourceTree = "<group>"; };
		18F6ED9D229B6B3500D8B5EA /* Info.plist */ = {isa = PBXFileReference; lastKnownFileType = text.plist.xml; path = Info.plist; sourceTree = "<group>"; };
		18F6EDA5229B7AC600D8B5EA /* ToDoTableViewController.swift */ = {isa = PBXFileReference; lastKnownFileType = sourcecode.swift; path = ToDoTableViewController.swift; sourceTree = "<group>"; };
		18F6EDA7229B7C9500D8B5EA /* ToDo.swift */ = {isa = PBXFileReference; lastKnownFileType = sourcecode.swift; path = ToDo.swift; sourceTree = "<group>"; };
		18F6EDAD229B96C900D8B5EA /* AddToDoViewController.swift */ = {isa = PBXFileReference; lastKnownFileType = sourcecode.swift; path = AddToDoViewController.swift; sourceTree = "<group>"; };
		18F6EDAF229B9BB400D8B5EA /* CompleteToDoViewController.swift */ = {isa = PBXFileReference; lastKnownFileType = sourcecode.swift; path = CompleteToDoViewController.swift; sourceTree = "<group>"; };
/* End PBXFileReference section */

/* Begin PBXFrameworksBuildPhase section */
		18F6ED88229B6B3400D8B5EA /* Frameworks */ = {
			isa = PBXFrameworksBuildPhase;
			buildActionMask = 2147483647;
			files = (
			);
			runOnlyForDeploymentPostprocessing = 0;
		};
/* End PBXFrameworksBuildPhase section */

/* Begin PBXGroup section */
		18F6ED82229B6B3400D8B5EA = {
			isa = PBXGroup;
			children = (
				18F6ED8D229B6B3400D8B5EA /* toDoList */,
				18F6ED8C229B6B3400D8B5EA /* Products */,
			);
			sourceTree = "<group>";
		};
		18F6ED8C229B6B3400D8B5EA /* Products */ = {
			isa = PBXGroup;
			children = (
				18F6ED8B229B6B3400D8B5EA /* toDoList.app */,
			);
			name = Products;
			sourceTree = "<group>";
		};
		18F6ED8D229B6B3400D8B5EA /* toDoList */ = {
			isa = PBXGroup;
			children = (
				18F6ED8E229B6B3400D8B5EA /* AppDelegate.swift */,
				18F6ED92229B6B3400D8B5EA /* Main.storyboard */,
				18F6EDAF229B9BB400D8B5EA /* CompleteToDoViewController.swift */,
				18F6EDAD229B96C900D8B5EA /* AddToDoViewController.swift */,
				18F6EDA7229B7C9500D8B5EA /* ToDo.swift */,
				18F6EDA5229B7AC600D8B5EA /* ToDoTableViewController.swift */,
				18F6ED98229B6B3500D8B5EA /* Assets.xcassets */,
				18F6ED9A229B6B3500D8B5EA /* LaunchScreen.storyboard */,
				18F6ED9D229B6B3500D8B5EA /* Info.plist */,
				18F6ED95229B6B3400D8B5EA /* toDoList.xcdatamodeld */,
			);
			path = toDoList;
			sourceTree = "<group>";
		};
/* End PBXGroup section */

/* Begin PBXNativeTarget section */
		18F6ED8A229B6B3400D8B5EA /* toDoList */ = {
			isa = PBXNativeTarget;
			buildConfigurationList = 18F6EDA0229B6B3500D8B5EA /* Build configuration list for PBXNativeTarget "toDoList" */;
			buildPhases = (
				18F6ED87229B6B3400D8B5EA /* Sources */,
				18F6ED88229B6B3400D8B5EA /* Frameworks */,
				18F6ED89229B6B3400D8B5EA /* Resources */,
			);
			buildRules = (
			);
			dependencies = (
			);
			name = toDoList;
			productName = toDoList;
			productReference = 18F6ED8B229B6B3400D8B5EA /* toDoList.app */;
			productType = "com.apple.product-type.application";
		};
/* End PBXNativeTarget section */

/* Begin PBXProject section */
		18F6ED83229B6B3400D8B5EA /* Project object */ = {
			isa = PBXProject;
			attributes = {
				LastSwiftUpdateCheck = 1020;
				LastUpgradeCheck = 1020;
				ORGANIZATIONNAME = Apple;
				TargetAttributes = {
					18F6ED8A229B6B3400D8B5EA = {
						CreatedOnToolsVersion = 10.2.1;
					};
				};
			};
			buildConfigurationList = 18F6ED86229B6B3400D8B5EA /* Build configuration list for PBXProject "toDoList" */;
			compatibilityVersion = "Xcode 9.3";
			developmentRegion = en;
			hasScannedForEncodings = 0;
			knownRegions = (
				en,
				Base,
			);
			mainGroup = 18F6ED82229B6B3400D8B5EA;
			productRefGroup = 18F6ED8C229B6B3400D8B5EA /* Products */;
			projectDirPath = "";
			projectRoot = "";
			targets = (
				18F6ED8A229B6B3400D8B5EA /* toDoList */,
			);
		};
/* End PBXProject section */

/* Begin PBXResourcesBuildPhase section */
		18F6ED89229B6B3400D8B5EA /* Resources */ = {
			isa = PBXResourcesBuildPhase;
			buildActionMask = 2147483647;
			files = (
				18F6ED9C229B6B3500D8B5EA /* LaunchScreen.storyboard in Resources */,
				18F6ED99229B6B3500D8B5EA /* Assets.xcassets in Resources */,
				18F6ED94229B6B3400D8B5EA /* Main.storyboard in Resources */,
			);
			runOnlyForDeploymentPostprocessing = 0;
		};
/* End PBXResourcesBuildPhase section */

/* Begin PBXSourcesBuildPhase section */
		18F6ED87229B6B3400D8B5EA /* Sources */ = {
			isa = PBXSourcesBuildPhase;
			buildActionMask = 2147483647;
			files = (
				18F6ED97229B6B3400D8B5EA /* toDoList.xcdatamodeld in Sources */,
				18F6EDA6229B7AC600D8B5EA /* ToDoTableViewController.swift in Sources */,
				18F6EDAE229B96C900D8B5EA /* AddToDoViewController.swift in Sources */,
				18F6ED8F229B6B3400D8B5EA /* AppDelegate.swift in Sources */,
				18F6EDB0229B9BB400D8B5EA /* CompleteToDoViewController.swift in Sources */,
				18F6EDA8229B7C9500D8B5EA /* ToDo.swift in Sources */,
			);
			runOnlyForDeploymentPostprocessing = 0;
		};
/* End PBXSourcesBuildPhase section */

/* Begin PBXVariantGroup section */
		18F6ED92229B6B3400D8B5EA /* Main.storyboard */ = {
			isa = PBXVariantGroup;
			children = (
				18F6ED93229B6B3400D8B5EA /* Base */,
			);
			name = Main.storyboard;
			sourceTree = "<group>";
		};
		18F6ED9A229B6B3500D8B5EA /* LaunchScreen.storyboard */ = {
			isa = PBXVariantGroup;
			children = (
				18F6ED9B229B6B3500D8B5EA /* Base */,
			);
			name = LaunchScreen.storyboard;
			sourceTree = "<group>";
		};
/* End PBXVariantGroup section */

/* Begin XCBuildConfiguration section */
		18F6ED9E229B6B3500D8B5EA /* Debug */ = {
			isa = XCBuildConfiguration;
			buildSettings = {
				ALWAYS_SEARCH_USER_PATHS = NO;
				CLANG_ANALYZER_NONNULL = YES;
				CLANG_ANALYZER_NUMBER_OBJECT_CONVERSION = YES_AGGRESSIVE;
				CLANG_CXX_LANGUAGE_STANDARD = "gnu++14";
				CLANG_CXX_LIBRARY = "libc++";
				CLANG_ENABLE_MODULES = YES;
				CLANG_ENABLE_OBJC_ARC = YES;
				CLANG_ENABLE_OBJC_WEAK = YES;
				CLANG_WARN_BLOCK_CAPTURE_AUTORELEASING = YES;
				CLANG_WARN_BOOL_CONVERSION = YES;
				CLANG_WARN_COMMA = YES;
				CLANG_WARN_CONSTANT_CONVERSION = YES;
				CLANG_WARN_DEPRECATED_OBJC_IMPLEMENTATIONS = YES;
				CLANG_WARN_DIRECT_OBJC_ISA_USAGE = YES_ERROR;
				CLANG_WARN_DOCUMENTATION_COMMENTS = YES;
				CLANG_WARN_EMPTY_BODY = YES;
				CLANG_WARN_ENUM_CONVERSION = YES;
				CLANG_WARN_INFINITE_RECURSION = YES;
				CLANG_WARN_INT_CONVERSION = YES;
				CLANG_WARN_NON_LITERAL_NULL_CONVERSION = YES;
				CLANG_WARN_OBJC_IMPLICIT_RETAIN_SELF = YES;
				CLANG_WARN_OBJC_LITERAL_CONVERSION = YES;
				CLANG_WARN_OBJC_ROOT_CLASS = YES_ERROR;
				CLANG_WARN_RANGE_LOOP_ANALYSIS = YES;
				CLANG_WARN_STRICT_PROTOTYPES = YES;
				CLANG_WARN_SUSPICIOUS_MOVE = YES;
				CLANG_WARN_UNGUARDED_AVAILABILITY = YES_AGGRESSIVE;
				CLANG_WARN_UNREACHABLE_CODE = YES;
				CLANG_WARN__DUPLICATE_METHOD_MATCH = YES;
				CODE_SIGN_IDENTITY = "iPhone Developer";
				COPY_PHASE_STRIP = NO;
				DEBUG_INFORMATION_FORMAT = dwarf;
				ENABLE_STRICT_OBJC_MSGSEND = YES;
				ENABLE_TESTABILITY = YES;
				GCC_C_LANGUAGE_STANDARD = gnu11;
				GCC_DYNAMIC_NO_PIC = NO;
				GCC_NO_COMMON_BLOCKS = YES;
				GCC_OPTIMIZATION_LEVEL = 0;
				GCC_PREPROCESSOR_DEFINITIONS = (
					"DEBUG=1",
					"$(inherited)",
				);
				GCC_WARN_64_TO_32_BIT_CONVERSION = YES;
				GCC_WARN_ABOUT_RETURN_TYPE = YES_ERROR;
				GCC_WARN_UNDECLARED_SELECTOR = YES;
				GCC_WARN_UNINITIALIZED_AUTOS = YES_AGGRESSIVE;
				GCC_WARN_UNUSED_FUNCTION = YES;
				GCC_WARN_UNUSED_VARIABLE = YES;
				IPHONEOS_DEPLOYMENT_TARGET = 12.2;
				MTL_ENABLE_DEBUG_INFO = INCLUDE_SOURCE;
				MTL_FAST_MATH = YES;
				ONLY_ACTIVE_ARCH = YES;
				SDKROOT = iphoneos;
				SWIFT_ACTIVE_COMPILATION_CONDITIONS = DEBUG;
				SWIFT_OPTIMIZATION_LEVEL = "-Onone";
			};
			name = Debug;
		};
		18F6ED9F229B6B3500D8B5EA /* Release */ = {
			isa = XCBuildConfiguration;
			buildSettings = {
				ALWAYS_SEARCH_USER_PATHS = NO;
				CLANG_ANALYZER_NONNULL = YES;
				CLANG_ANALYZER_NUMBER_OBJECT_CONVERSION = YES_AGGRESSIVE;
				CLANG_CXX_LANGUAGE_STANDARD = "gnu++14";
				CLANG_CXX_LIBRARY = "libc++";
				CLANG_ENABLE_MODULES = YES;
				CLANG_ENABLE_OBJC_ARC = YES;
				CLANG_ENABLE_OBJC_WEAK = YES;
				CLANG_WARN_BLOCK_CAPTURE_AUTORELEASING = YES;
				CLANG_WARN_BOOL_CONVERSION = YES;
				CLANG_WARN_COMMA = YES;
				CLANG_WARN_CONSTANT_CONVERSION = YES;
				CLANG_WARN_DEPRECATED_OBJC_IMPLEMENTATIONS = YES;
				CLANG_WARN_DIRECT_OBJC_ISA_USAGE = YES_ERROR;
				CLANG_WARN_DOCUMENTATION_COMMENTS = YES;
				CLANG_WARN_EMPTY_BODY = YES;
				CLANG_WARN_ENUM_CONVERSION = YES;
				CLANG_WARN_INFINITE_RECURSION = YES;
				CLANG_WARN_INT_CONVERSION = YES;
				CLANG_WARN_NON_LITERAL_NULL_CONVERSION = YES;
				CLANG_WARN_OBJC_IMPLICIT_RETAIN_SELF = YES;
				CLANG_WARN_OBJC_LITERAL_CONVERSION = YES;
				CLANG_WARN_OBJC_ROOT_CLASS = YES_ERROR;
				CLANG_WARN_RANGE_LOOP_ANALYSIS = YES;
				CLANG_WARN_STRICT_PROTOTYPES = YES;
				CLANG_WARN_SUSPICIOUS_MOVE = YES;
				CLANG_WARN_UNGUARDED_AVAILABILITY = YES_AGGRESSIVE;
				CLANG_WARN_UNREACHABLE_CODE = YES;
				CLANG_WARN__DUPLICATE_METHOD_MATCH = YES;
				CODE_SIGN_IDENTITY = "iPhone Developer";
				COPY_PHASE_STRIP = NO;
				DEBUG_INFORMATION_FORMAT = "dwarf-with-dsym";
				ENABLE_NS_ASSERTIONS = NO;
				ENABLE_STRICT_OBJC_MSGSEND = YES;
				GCC_C_LANGUAGE_STANDARD = gnu11;
				GCC_NO_COMMON_BLOCKS = YES;
				GCC_WARN_64_TO_32_BIT_CONVERSION = YES;
				GCC_WARN_ABOUT_RETURN_TYPE = YES_ERROR;
				GCC_WARN_UNDECLARED_SELECTOR = YES;
				GCC_WARN_UNINITIALIZED_AUTOS = YES_AGGRESSIVE;
				GCC_WARN_UNUSED_FUNCTION = YES;
				GCC_WARN_UNUSED_VARIABLE = YES;
				IPHONEOS_DEPLOYMENT_TARGET = 12.2;
				MTL_ENABLE_DEBUG_INFO = NO;
				MTL_FAST_MATH = YES;
				SDKROOT = iphoneos;
				SWIFT_COMPILATION_MODE = wholemodule;
				SWIFT_OPTIMIZATION_LEVEL = "-O";
				VALIDATE_PRODUCT = YES;
			};
			name = Release;
		};
		18F6EDA1229B6B3500D8B5EA /* Debug */ = {
			isa = XCBuildConfiguration;
			buildSettings = {
				ASSETCATALOG_COMPILER_APPICON_NAME = AppIcon;
				CODE_SIGN_STYLE = Automatic;
				INFOPLIST_FILE = toDoList/Info.plist;
				LD_RUNPATH_SEARCH_PATHS = (
					"$(inherited)",
					"@executable_path/Frameworks",
				);
				PRODUCT_BUNDLE_IDENTIFIER = com.practice.toDoList;
				PRODUCT_NAME = "$(TARGET_NAME)";
				SWIFT_VERSION = 5.0;
				TARGETED_DEVICE_FAMILY = "1,2";
			};
			name = Debug;
		};
		18F6EDA2229B6B3500D8B5EA /* Release */ = {
			isa = XCBuildConfiguration;
			buildSettings = {
				ASSETCATALOG_COMPILER_APPICON_NAME = AppIcon;
				CODE_SIGN_STYLE = Automatic;
				INFOPLIST_FILE = toDoList/Info.plist;
				LD_RUNPATH_SEARCH_PATHS = (
					"$(inherited)",
					"@executable_path/Frameworks",
				);
				PRODUCT_BUNDLE_IDENTIFIER = com.practice.toDoList;
				PRODUCT_NAME = "$(TARGET_NAME)";
				SWIFT_VERSION = 5.0;
				TARGETED_DEVICE_FAMILY = "1,2";
			};
			name = Release;
		};
/* End XCBuildConfiguration section */

/* Begin XCConfigurationList section */
		18F6ED86229B6B3400D8B5EA /* Build configuration list for PBXProject "toDoList" */ = {
			isa = XCConfigurationList;
			buildConfigurations = (
				18F6ED9E229B6B3500D8B5EA /* Debug */,
				18F6ED9F229B6B3500D8B5EA /* Release */,
			);
			defaultConfigurationIsVisible = 0;
			defaultConfigurationName = Release;
		};
		18F6EDA0229B6B3500D8B5EA /* Build configuration list for PBXNativeTarget "toDoList" */ = {
			isa = XCConfigurationList;
			buildConfigurations = (
				18F6EDA1229B6B3500D8B5EA /* Debug */,
				18F6EDA2229B6B3500D8B5EA /* Release */,
			);
			defaultConfigurationIsVisible = 0;
			defaultConfigurationName = Release;
		};
/* End XCConfigurationList section */

/* Begin XCVersionGroup section */
		18F6ED95229B6B3400D8B5EA /* toDoList.xcdatamodeld */ = {
			isa = XCVersionGroup;
			children = (
				18F6ED96229B6B3400D8B5EA /* toDoList.xcdatamodel */,
			);
			currentVersion = 18F6ED96229B6B3400D8B5EA /* toDoList.xcdatamodel */;
			path = toDoList.xcdatamodeld;
			sourceTree = "<group>";
			versionGroupType = wrapper.xcdatamodel;
		};
/* End XCVersionGroup section */
	};
	rootObject = 18F6ED83229B6B3400D8B5EA /* Project object */;
}
